// !$*UTF8*$!
{
	archiveVersion = 1;
	classes = {
	};
	objectVersion = 56;
	objects = {

/* Begin PBXBuildFile section */
		26E59B582A818E48005F6CF4 /* AppDelegate.swift in Sources */ = {isa = PBXBuildFile; fileRef = 26E59B572A818E48005F6CF4 /* AppDelegate.swift */; };
		26E59B5A2A818E48005F6CF4 /* SceneDelegate.swift in Sources */ = {isa = PBXBuildFile; fileRef = 26E59B592A818E48005F6CF4 /* SceneDelegate.swift */; };
		26E59B612A818E4D005F6CF4 /* Assets.xcassets in Resources */ = {isa = PBXBuildFile; fileRef = 26E59B602A818E4D005F6CF4 /* Assets.xcassets */; };
		26E59B642A818E4D005F6CF4 /* LaunchScreen.storyboard in Resources */ = {isa = PBXBuildFile; fileRef = 26E59B622A818E4D005F6CF4 /* LaunchScreen.storyboard */; };
		26E59B6D2A818F12005F6CF4 /* SnapKit in Frameworks */ = {isa = PBXBuildFile; productRef = 26E59B6C2A818F12005F6CF4 /* SnapKit */; };
		26E59B712A8190BF005F6CF4 /* RootViewController.swift in Sources */ = {isa = PBXBuildFile; fileRef = 26E59B702A8190BF005F6CF4 /* RootViewController.swift */; };
		26E59B752A81EC64005F6CF4 /* MostPopularViewController.swift in Sources */ = {isa = PBXBuildFile; fileRef = 26E59B742A81EC64005F6CF4 /* MostPopularViewController.swift */; };
		26E59B772A81EC91005F6CF4 /* LifeStyleViewController.swift in Sources */ = {isa = PBXBuildFile; fileRef = 26E59B762A81EC91005F6CF4 /* LifeStyleViewController.swift */; };
		26E59B792A81ECDF005F6CF4 /* HealthViewController.swift in Sources */ = {isa = PBXBuildFile; fileRef = 26E59B782A81ECDF005F6CF4 /* HealthViewController.swift */; };
/* End PBXBuildFile section */

/* Begin PBXFileReference section */
		26E59B542A818E48005F6CF4 /* LabWeek3Day2.app */ = {isa = PBXFileReference; explicitFileType = wrapper.application; includeInIndex = 0; path = LabWeek3Day2.app; sourceTree = BUILT_PRODUCTS_DIR; };
		26E59B572A818E48005F6CF4 /* AppDelegate.swift */ = {isa = PBXFileReference; lastKnownFileType = sourcecode.swift; path = AppDelegate.swift; sourceTree = "<group>"; };
		26E59B592A818E48005F6CF4 /* SceneDelegate.swift */ = {isa = PBXFileReference; lastKnownFileType = sourcecode.swift; path = SceneDelegate.swift; sourceTree = "<group>"; };
		26E59B602A818E4D005F6CF4 /* Assets.xcassets */ = {isa = PBXFileReference; lastKnownFileType = folder.assetcatalog; path = Assets.xcassets; sourceTree = "<group>"; };
		26E59B632A818E4D005F6CF4 /* Base */ = {isa = PBXFileReference; lastKnownFileType = file.storyboard; name = Base; path = Base.lproj/LaunchScreen.storyboard; sourceTree = "<group>"; };
		26E59B652A818E4D005F6CF4 /* Info.plist */ = {isa = PBXFileReference; lastKnownFileType = text.plist.xml; path = Info.plist; sourceTree = "<group>"; };
		26E59B702A8190BF005F6CF4 /* RootViewController.swift */ = {isa = PBXFileReference; lastKnownFileType = sourcecode.swift; path = RootViewController.swift; sourceTree = "<group>"; };
		26E59B742A81EC64005F6CF4 /* MostPopularViewController.swift */ = {isa = PBXFileReference; lastKnownFileType = sourcecode.swift; path = MostPopularViewController.swift; sourceTree = "<group>"; };
		26E59B762A81EC91005F6CF4 /* LifeStyleViewController.swift */ = {isa = PBXFileReference; lastKnownFileType = sourcecode.swift; path = LifeStyleViewController.swift; sourceTree = "<group>"; };
		26E59B782A81ECDF005F6CF4 /* HealthViewController.swift */ = {isa = PBXFileReference; lastKnownFileType = sourcecode.swift; path = HealthViewController.swift; sourceTree = "<group>"; };
/* End PBXFileReference section */

/* Begin PBXFrameworksBuildPhase section */
		26E59B512A818E48005F6CF4 /* Frameworks */ = {
			isa = PBXFrameworksBuildPhase;
			buildActionMask = 2147483647;
			files = (
				26E59B6D2A818F12005F6CF4 /* SnapKit in Frameworks */,
			);
			runOnlyForDeploymentPostprocessing = 0;
		};
/* End PBXFrameworksBuildPhase section */

/* Begin PBXGroup section */
		26E59B4B2A818E48005F6CF4 = {
			isa = PBXGroup;
			children = (
				26E59B562A818E48005F6CF4 /* LabWeek3Day2 */,
				26E59B552A818E48005F6CF4 /* Products */,
			);
			sourceTree = "<group>";
		};
		26E59B552A818E48005F6CF4 /* Products */ = {
			isa = PBXGroup;
			children = (
				26E59B542A818E48005F6CF4 /* LabWeek3Day2.app */,
			);
			name = Products;
			sourceTree = "<group>";
		};
		26E59B562A818E48005F6CF4 /* LabWeek3Day2 */ = {
			isa = PBXGroup;
			children = (
				26E59B6F2A818F70005F6CF4 /* Views */,
				26E59B6E2A818F46005F6CF4 /* Controllers */,
				26E59B702A8190BF005F6CF4 /* RootViewController.swift */,
				26E59B572A818E48005F6CF4 /* AppDelegate.swift */,
				26E59B592A818E48005F6CF4 /* SceneDelegate.swift */,
				26E59B602A818E4D005F6CF4 /* Assets.xcassets */,
				26E59B622A818E4D005F6CF4 /* LaunchScreen.storyboard */,
				26E59B652A818E4D005F6CF4 /* Info.plist */,
			);
			path = LabWeek3Day2;
			sourceTree = "<group>";
		};
		26E59B6E2A818F46005F6CF4 /* Controllers */ = {
			isa = PBXGroup;
			children = (
			);
			path = Controllers;
			sourceTree = "<group>";
		};
		26E59B6F2A818F70005F6CF4 /* Views */ = {
			isa = PBXGroup;
			children = (
				26E59B742A81EC64005F6CF4 /* MostPopularViewController.swift */,
				26E59B762A81EC91005F6CF4 /* LifeStyleViewController.swift */,
				26E59B782A81ECDF005F6CF4 /* HealthViewController.swift */,
			);
			path = Views;
			sourceTree = "<group>";
		};
/* End PBXGroup section */

/* Begin PBXNativeTarget section */
		26E59B532A818E48005F6CF4 /* LabWeek3Day2 */ = {
			isa = PBXNativeTarget;
			buildConfigurationList = 26E59B682A818E4D005F6CF4 /* Build configuration list for PBXNativeTarget "LabWeek3Day2" */;
			buildPhases = (
				26E59B502A818E48005F6CF4 /* Sources */,
				26E59B512A818E48005F6CF4 /* Frameworks */,
				26E59B522A818E48005F6CF4 /* Resources */,
			);
			buildRules = (
			);
			dependencies = (
			);
			name = LabWeek3Day2;
			packageProductDependencies = (
				26E59B6C2A818F12005F6CF4 /* SnapKit */,
			);
			productName = LabWeek3Day2;
			productReference = 26E59B542A818E48005F6CF4 /* LabWeek3Day2.app */;
			productType = "com.apple.product-type.application";
		};
/* End PBXNativeTarget section */

/* Begin PBXProject section */
		26E59B4C2A818E48005F6CF4 /* Project object */ = {
			isa = PBXProject;
			attributes = {
				BuildIndependentTargetsInParallel = 1;
				LastSwiftUpdateCheck = 1420;
				LastUpgradeCheck = 1420;
				TargetAttributes = {
					26E59B532A818E48005F6CF4 = {
						CreatedOnToolsVersion = 14.2;
					};
				};
			};
			buildConfigurationList = 26E59B4F2A818E48005F6CF4 /* Build configuration list for PBXProject "LabWeek3Day2" */;
			compatibilityVersion = "Xcode 14.0";
			developmentRegion = en;
			hasScannedForEncodings = 0;
			knownRegions = (
				en,
				Base,
			);
			mainGroup = 26E59B4B2A818E48005F6CF4;
			packageReferences = (
				26E59B6B2A818F12005F6CF4 /* XCRemoteSwiftPackageReference "SnapKit" */,
			);
			productRefGroup = 26E59B552A818E48005F6CF4 /* Products */;
			projectDirPath = "";
			projectRoot = "";
			targets = (
				26E59B532A818E48005F6CF4 /* LabWeek3Day2 */,
			);
		};
/* End PBXProject section */

/* Begin PBXResourcesBuildPhase section */
		26E59B522A818E48005F6CF4 /* Resources */ = {
			isa = PBXResourcesBuildPhase;
			buildActionMask = 2147483647;
			files = (
				26E59B642A818E4D005F6CF4 /* LaunchScreen.storyboard in Resources */,
				26E59B612A818E4D005F6CF4 /* Assets.xcassets in Resources */,
			);
			runOnlyForDeploymentPostprocessing = 0;
		};
/* End PBXResourcesBuildPhase section */

/* Begin PBXSourcesBuildPhase section */
		26E59B502A818E48005F6CF4 /* Sources */ = {
			isa = PBXSourcesBuildPhase;
			buildActionMask = 2147483647;
			files = (
				26E59B582A818E48005F6CF4 /* AppDelegate.swift in Sources */,
				26E59B772A81EC91005F6CF4 /* LifeStyleViewController.swift in Sources */,
				26E59B5A2A818E48005F6CF4 /* SceneDelegate.swift in Sources */,
				26E59B712A8190BF005F6CF4 /* RootViewController.swift in Sources */,
				26E59B792A81ECDF005F6CF4 /* HealthViewController.swift in Sources */,
				26E59B752A81EC64005F6CF4 /* MostPopularViewController.swift in Sources */,
			);
			runOnlyForDeploymentPostprocessing = 0;
		};
/* End PBXSourcesBuildPhase section */

/* Begin PBXVariantGroup section */
		26E59B622A818E4D005F6CF4 /* LaunchScreen.storyboard */ = {
			isa = PBXVariantGroup;
			children = (
				26E59B632A818E4D005F6CF4 /* Base */,
			);
			name = LaunchScreen.storyboard;
			sourceTree = "<group>";
		};
/* End PBXVariantGroup section */

/* Begin XCBuildConfiguration section */
		26E59B662A818E4D005F6CF4 /* Debug */ = {
			isa = XCBuildConfiguration;
			buildSettings = {
				ALWAYS_SEARCH_USER_PATHS = NO;
				CLANG_ANALYZER_NONNULL = YES;
				CLANG_ANALYZER_NUMBER_OBJECT_CONVERSION = YES_AGGRESSIVE;
				CLANG_CXX_LANGUAGE_STANDARD = "gnu++20";
				CLANG_ENABLE_MODULES = YES;
				CLANG_ENABLE_OBJC_ARC = YES;
				CLANG_ENABLE_OBJC_WEAK = YES;
				CLANG_WARN_BLOCK_CAPTURE_AUTORELEASING = YES;
				CLANG_WARN_BOOL_CONVERSION = YES;
				CLANG_WARN_COMMA = YES;
				CLANG_WARN_CONSTANT_CONVERSION = YES;
				CLANG_WARN_DEPRECATED_OBJC_IMPLEMENTATIONS = YES;
				CLANG_WARN_DIRECT_OBJC_ISA_USAGE = YES_ERROR;
				CLANG_WARN_DOCUMENTATION_COMMENTS = YES;
				CLANG_WARN_EMPTY_BODY = YES;
				CLANG_WARN_ENUM_CONVERSION = YES;
				CLANG_WARN_INFINITE_RECURSION = YES;
				CLANG_WARN_INT_CONVERSION = YES;
				CLANG_WARN_NON_LITERAL_NULL_CONVERSION = YES;
				CLANG_WARN_OBJC_IMPLICIT_RETAIN_SELF = YES;
				CLANG_WARN_OBJC_LITERAL_CONVERSION = YES;
				CLANG_WARN_OBJC_ROOT_CLASS = YES_ERROR;
				CLANG_WARN_QUOTED_INCLUDE_IN_FRAMEWORK_HEADER = YES;
				CLANG_WARN_RANGE_LOOP_ANALYSIS = YES;
				CLANG_WARN_STRICT_PROTOTYPES = YES;
				CLANG_WARN_SUSPICIOUS_MOVE = YES;
				CLANG_WARN_UNGUARDED_AVAILABILITY = YES_AGGRESSIVE;
				CLANG_WARN_UNREACHABLE_CODE = YES;
				CLANG_WARN__DUPLICATE_METHOD_MATCH = YES;
				COPY_PHASE_STRIP = NO;
				DEBUG_INFORMATION_FORMAT = dwarf;
				ENABLE_STRICT_OBJC_MSGSEND = YES;
				ENABLE_TESTABILITY = YES;
				GCC_C_LANGUAGE_STANDARD = gnu11;
				GCC_DYNAMIC_NO_PIC = NO;
				GCC_NO_COMMON_BLOCKS = YES;
				GCC_OPTIMIZATION_LEVEL = 0;
				GCC_PREPROCESSOR_DEFINITIONS = (
					"DEBUG=1",
					"$(inherited)",
				);
				GCC_WARN_64_TO_32_BIT_CONVERSION = YES;
				GCC_WARN_ABOUT_RETURN_TYPE = YES_ERROR;
				GCC_WARN_UNDECLARED_SELECTOR = YES;
				GCC_WARN_UNINITIALIZED_AUTOS = YES_AGGRESSIVE;
				GCC_WARN_UNUSED_FUNCTION = YES;
				GCC_WARN_UNUSED_VARIABLE = YES;
				IPHONEOS_DEPLOYMENT_TARGET = 16.2;
				MTL_ENABLE_DEBUG_INFO = INCLUDE_SOURCE;
				MTL_FAST_MATH = YES;
				ONLY_ACTIVE_ARCH = YES;
				SDKROOT = iphoneos;
				SWIFT_ACTIVE_COMPILATION_CONDITIONS = DEBUG;
				SWIFT_OPTIMIZATION_LEVEL = "-Onone";
			};
			name = Debug;
		};
		26E59B672A818E4D005F6CF4 /* Release */ = {
			isa = XCBuildConfiguration;
			buildSettings = {
				ALWAYS_SEARCH_USER_PATHS = NO;
				CLANG_ANALYZER_NONNULL = YES;
				CLANG_ANALYZER_NUMBER_OBJECT_CONVERSION = YES_AGGRESSIVE;
				CLANG_CXX_LANGUAGE_STANDARD = "gnu++20";
				CLANG_ENABLE_MODULES = YES;
				CLANG_ENABLE_OBJC_ARC = YES;
				CLANG_ENABLE_OBJC_WEAK = YES;
				CLANG_WARN_BLOCK_CAPTURE_AUTORELEASING = YES;
				CLANG_WARN_BOOL_CONVERSION = YES;
				CLANG_WARN_COMMA = YES;
				CLANG_WARN_CONSTANT_CONVERSION = YES;
				CLANG_WARN_DEPRECATED_OBJC_IMPLEMENTATIONS = YES;
				CLANG_WARN_DIRECT_OBJC_ISA_USAGE = YES_ERROR;
				CLANG_WARN_DOCUMENTATION_COMMENTS = YES;
				CLANG_WARN_EMPTY_BODY = YES;
				CLANG_WARN_ENUM_CONVERSION = YES;
				CLANG_WARN_INFINITE_RECURSION = YES;
				CLANG_WARN_INT_CONVERSION = YES;
				CLANG_WARN_NON_LITERAL_NULL_CONVERSION = YES;
				CLANG_WARN_OBJC_IMPLICIT_RETAIN_SELF = YES;
				CLANG_WARN_OBJC_LITERAL_CONVERSION = YES;
				CLANG_WARN_OBJC_ROOT_CLASS = YES_ERROR;
				CLANG_WARN_QUOTED_INCLUDE_IN_FRAMEWORK_HEADER = YES;
				CLANG_WARN_RANGE_LOOP_ANALYSIS = YES;
				CLANG_WARN_STRICT_PROTOTYPES = YES;
				CLANG_WARN_SUSPICIOUS_MOVE = YES;
				CLANG_WARN_UNGUARDED_AVAILABILITY = YES_AGGRESSIVE;
				CLANG_WARN_UNREACHABLE_CODE = YES;
				CLANG_WARN__DUPLICATE_METHOD_MATCH = YES;
				COPY_PHASE_STRIP = NO;
				DEBUG_INFORMATION_FORMAT = "dwarf-with-dsym";
				ENABLE_NS_ASSERTIONS = NO;
				ENABLE_STRICT_OBJC_MSGSEND = YES;
				GCC_C_LANGUAGE_STANDARD = gnu11;
				GCC_NO_COMMON_BLOCKS = YES;
				GCC_WARN_64_TO_32_BIT_CONVERSION = YES;
				GCC_WARN_ABOUT_RETURN_TYPE = YES_ERROR;
				GCC_WARN_UNDECLARED_SELECTOR = YES;
				GCC_WARN_UNINITIALIZED_AUTOS = YES_AGGRESSIVE;
				GCC_WARN_UNUSED_FUNCTION = YES;
				GCC_WARN_UNUSED_VARIABLE = YES;
				IPHONEOS_DEPLOYMENT_TARGET = 16.2;
				MTL_ENABLE_DEBUG_INFO = NO;
				MTL_FAST_MATH = YES;
				SDKROOT = iphoneos;
				SWIFT_COMPILATION_MODE = wholemodule;
				SWIFT_OPTIMIZATION_LEVEL = "-O";
				VALIDATE_PRODUCT = YES;
			};
			name = Release;
		};
		26E59B692A818E4D005F6CF4 /* Debug */ = {
			isa = XCBuildConfiguration;
			buildSettings = {
				ASSETCATALOG_COMPILER_APPICON_NAME = AppIcon;
				ASSETCATALOG_COMPILER_GLOBAL_ACCENT_COLOR_NAME = AccentColor;
				CODE_SIGN_STYLE = Automatic;
				CURRENT_PROJECT_VERSION = 1;
				GENERATE_INFOPLIST_FILE = YES;
				INFOPLIST_FILE = LabWeek3Day2/Info.plist;
				INFOPLIST_KEY_UIApplicationSupportsIndirectInputEvents = YES;
				INFOPLIST_KEY_UILaunchStoryboardName = LaunchScreen;
				INFOPLIST_KEY_UIMainStoryboardFile = Main;
				INFOPLIST_KEY_UISupportedInterfaceOrientations_iPad = "UIInterfaceOrientationPortrait UIInterfaceOrientationPortraitUpsideDown UIInterfaceOrientationLandscapeLeft UIInterfaceOrientationLandscapeRight";
				INFOPLIST_KEY_UISupportedInterfaceOrientations_iPhone = "UIInterfaceOrientationPortrait UIInterfaceOrientationLandscapeLeft UIInterfaceOrientationLandscapeRight";
				LD_RUNPATH_SEARCH_PATHS = (
					"$(inherited)",
					"@executable_path/Frameworks",
				);
				MARKETING_VERSION = 1.0;
				PRODUCT_BUNDLE_IDENTIFIER = sarahM.LabWeek3Day2;
				PRODUCT_NAME = "$(TARGET_NAME)";
				SWIFT_EMIT_LOC_STRINGS = YES;
				SWIFT_VERSION = 5.0;
				TARGETED_DEVICE_FAMILY = "1,2";
			};
			name = Debug;
		};
		26E59B6A2A818E4D005F6CF4 /* Release */ = {
			isa = XCBuildConfiguration;
			buildSettings = {
				ASSETCATALOG_COMPILER_APPICON_NAME = AppIcon;
				ASSETCATALOG_COMPILER_GLOBAL_ACCENT_COLOR_NAME = AccentColor;
				CODE_SIGN_STYLE = Automatic;
				CURRENT_PROJECT_VERSION = 1;
				GENERATE_INFOPLIST_FILE = YES;
				INFOPLIST_FILE = LabWeek3Day2/Info.plist;
				INFOPLIST_KEY_UIApplicationSupportsIndirectInputEvents = YES;
				INFOPLIST_KEY_UILaunchStoryboardName = LaunchScreen;
				INFOPLIST_KEY_UIMainStoryboardFile = Main;
				INFOPLIST_KEY_UISupportedInterfaceOrientations_iPad = "UIInterfaceOrientationPortrait UIInterfaceOrientationPortraitUpsideDown UIInterfaceOrientationLandscapeLeft UIInterfaceOrientationLandscapeRight";
				INFOPLIST_KEY_UISupportedInterfaceOrientations_iPhone = "UIInterfaceOrientationPortrait UIInterfaceOrientationLandscapeLeft UIInterfaceOrientationLandscapeRight";
				LD_RUNPATH_SEARCH_PATHS = (
					"$(inherited)",
					"@executable_path/Frameworks",
				);
				MARKETING_VERSION = 1.0;
				PRODUCT_BUNDLE_IDENTIFIER = sarahM.LabWeek3Day2;
				PRODUCT_NAME = "$(TARGET_NAME)";
				SWIFT_EMIT_LOC_STRINGS = YES;
				SWIFT_VERSION = 5.0;
				TARGETED_DEVICE_FAMILY = "1,2";
			};
			name = Release;
		};
/* End XCBuildConfiguration section */

/* Begin XCConfigurationList section */
		26E59B4F2A818E48005F6CF4 /* Build configuration list for PBXProject "LabWeek3Day2" */ = {
			isa = XCConfigurationList;
			buildConfigurations = (
				26E59B662A818E4D005F6CF4 /* Debug */,
				26E59B672A818E4D005F6CF4 /* Release */,
			);
			defaultConfigurationIsVisible = 0;
			defaultConfigurationName = Release;
		};
		26E59B682A818E4D005F6CF4 /* Build configuration list for PBXNativeTarget "LabWeek3Day2" */ = {
			isa = XCConfigurationList;
			buildConfigurations = (
				26E59B692A818E4D005F6CF4 /* Debug */,
				26E59B6A2A818E4D005F6CF4 /* Release */,
			);
			defaultConfigurationIsVisible = 0;
			defaultConfigurationName = Release;
		};
/* End XCConfigurationList section */

/* Begin XCRemoteSwiftPackageReference section */
		26E59B6B2A818F12005F6CF4 /* XCRemoteSwiftPackageReference "SnapKit" */ = {
			isa = XCRemoteSwiftPackageReference;
			repositoryURL = "https://github.com/SnapKit/SnapKit";
			requirement = {
				kind = exactVersion;
				version = 5.6.0;
			};
		};
/* End XCRemoteSwiftPackageReference section */

/* Begin XCSwiftPackageProductDependency section */
		26E59B6C2A818F12005F6CF4 /* SnapKit */ = {
			isa = XCSwiftPackageProductDependency;
			package = 26E59B6B2A818F12005F6CF4 /* XCRemoteSwiftPackageReference "SnapKit" */;
			productName = SnapKit;
		};
/* End XCSwiftPackageProductDependency section */
	};
	rootObject = 26E59B4C2A818E48005F6CF4 /* Project object */;
}
